Microsoft Visual Studio Solution File, Format Version 12.00
# Visual Studio Version 17
VisualStudioVersion = 17.5.2.0
MinimumVisualStudioVersion = 10.0.40219.1
Project("{FAE04EC0-301F-11D3-BF4B-00C04F79EFBC}") = "Cabum", "Cabum\Cabum.csproj", "{A9F0718B-A237-2844-413C-F372588E030A}"
EndProject
Global
	GlobalSection(SolutionConfigurationPlatforms) = preSolution
		Debug|Any CPU = Debug|Any CPU
		Release|Any CPU = Release|Any CPU
	EndGlobalSection
	GlobalSection(ProjectConfigurationPlatforms) = postSolution
		{A9F0718B-A237-2844-413C-F372588E030A}.Debug|Any CPU.ActiveCfg = Debug|Any CPU
		{A9F0718B-A237-2844-413C-F372588E030A}.Debug|Any CPU.Build.0 = Debug|Any CPU
		{A9F0718B-A237-2844-413C-F372588E030A}.Release|Any CPU.ActiveCfg = Release|Any CPU
		{A9F0718B-A237-2844-413C-F372588E030A}.Release|Any CPU.Build.0 = Release|Any CPU
	EndGlobalSection
	GlobalSection(SolutionProperties) = preSolution
		HideSolutionNode = FALSE
	EndGlobalSection
	GlobalSection(ExtensibilityGlobals) = postSolution
		SolutionGuid = {16A0EC63-C513-4873-A037-FBECA71D397A}
	EndGlobalSection
EndGlobal
